// !$*UTF8*$!
{
	archiveVersion = 1;
	classes = {
	};
	objectVersion = 56;
	objects = {

/* Begin PBXBuildFile section */
		86E05477294B90BE00941996 /* PaywallDemoApp.swift in Sources */ = {isa = PBXBuildFile; fileRef = 86E05476294B90BE00941996 /* PaywallDemoApp.swift */; };
		86E05479294B90BE00941996 /* ContentView.swift in Sources */ = {isa = PBXBuildFile; fileRef = 86E05478294B90BE00941996 /* ContentView.swift */; };
		86E0547B294B90BF00941996 /* Assets.xcassets in Resources */ = {isa = PBXBuildFile; fileRef = 86E0547A294B90BF00941996 /* Assets.xcassets */; };
		86E0547E294B90BF00941996 /* Preview Assets.xcassets in Resources */ = {isa = PBXBuildFile; fileRef = 86E0547D294B90BF00941996 /* Preview Assets.xcassets */; };
		86E0548C294B922500941996 /* YearlyPlanView.swift in Sources */ = {isa = PBXBuildFile; fileRef = 86E05486294B922400941996 /* YearlyPlanView.swift */; };
		86E0548D294B922500941996 /* PaywallView.swift in Sources */ = {isa = PBXBuildFile; fileRef = 86E05487294B922400941996 /* PaywallView.swift */; };
		86E0548E294B922500941996 /* FeatureCardView.swift in Sources */ = {isa = PBXBuildFile; fileRef = 86E05488294B922500941996 /* FeatureCardView.swift */; };
		86E0548F294B922500941996 /* MonthlyPlanView.swift in Sources */ = {isa = PBXBuildFile; fileRef = 86E05489294B922500941996 /* MonthlyPlanView.swift */; };
		86E05490294B922500941996 /* FeatureCard.swift in Sources */ = {isa = PBXBuildFile; fileRef = 86E0548A294B922500941996 /* FeatureCard.swift */; };
		86E05491294B922500941996 /* PremiumPlan.swift in Sources */ = {isa = PBXBuildFile; fileRef = 86E0548B294B922500941996 /* PremiumPlan.swift */; };
		86E05493294B923300941996 /* ImageExt.swift in Sources */ = {isa = PBXBuildFile; fileRef = 86E05492294B923300941996 /* ImageExt.swift */; };
		86E05495294B926100941996 /* ColorExt.swift in Sources */ = {isa = PBXBuildFile; fileRef = 86E05494294B926100941996 /* ColorExt.swift */; };
		86E05497294B92C600941996 /* InfiniteScroller.swift in Sources */ = {isa = PBXBuildFile; fileRef = 86E05496294B92C600941996 /* InfiniteScroller.swift */; };
		86E0549E295392D500941996 /* XMarkButton.swift in Sources */ = {isa = PBXBuildFile; fileRef = 86E0549D295392D500941996 /* XMarkButton.swift */; };
/* End PBXBuildFile section */

/* Begin PBXFileReference section */
		86E05473294B90BE00941996 /* PaywallDemo.app */ = {isa = PBXFileReference; explicitFileType = wrapper.application; includeInIndex = 0; path = PaywallDemo.app; sourceTree = BUILT_PRODUCTS_DIR; };
		86E05476294B90BE00941996 /* PaywallDemoApp.swift */ = {isa = PBXFileReference; lastKnownFileType = sourcecode.swift; path = PaywallDemoApp.swift; sourceTree = "<group>"; };
		86E05478294B90BE00941996 /* ContentView.swift */ = {isa = PBXFileReference; lastKnownFileType = sourcecode.swift; path = ContentView.swift; sourceTree = "<group>"; };
		86E0547A294B90BF00941996 /* Assets.xcassets */ = {isa = PBXFileReference; lastKnownFileType = folder.assetcatalog; path = Assets.xcassets; sourceTree = "<group>"; };
		86E0547D294B90BF00941996 /* Preview Assets.xcassets */ = {isa = PBXFileReference; lastKnownFileType = folder.assetcatalog; path = "Preview Assets.xcassets"; sourceTree = "<group>"; };
		86E05486294B922400941996 /* YearlyPlanView.swift */ = {isa = PBXFileReference; fileEncoding = 4; lastKnownFileType = sourcecode.swift; path = YearlyPlanView.swift; sourceTree = "<group>"; };
		86E05487294B922400941996 /* PaywallView.swift */ = {isa = PBXFileReference; fileEncoding = 4; lastKnownFileType = sourcecode.swift; path = PaywallView.swift; sourceTree = "<group>"; };
		86E05488294B922500941996 /* FeatureCardView.swift */ = {isa = PBXFileReference; fileEncoding = 4; lastKnownFileType = sourcecode.swift; path = FeatureCardView.swift; sourceTree = "<group>"; };
		86E05489294B922500941996 /* MonthlyPlanView.swift */ = {isa = PBXFileReference; fileEncoding = 4; lastKnownFileType = sourcecode.swift; path = MonthlyPlanView.swift; sourceTree = "<group>"; };
		86E0548A294B922500941996 /* FeatureCard.swift */ = {isa = PBXFileReference; fileEncoding = 4; lastKnownFileType = sourcecode.swift; path = FeatureCard.swift; sourceTree = "<group>"; };
		86E0548B294B922500941996 /* PremiumPlan.swift */ = {isa = PBXFileReference; fileEncoding = 4; lastKnownFileType = sourcecode.swift; path = PremiumPlan.swift; sourceTree = "<group>"; };
		86E05492294B923300941996 /* ImageExt.swift */ = {isa = PBXFileReference; fileEncoding = 4; lastKnownFileType = sourcecode.swift; path = ImageExt.swift; sourceTree = "<group>"; };
		86E05494294B926100941996 /* ColorExt.swift */ = {isa = PBXFileReference; fileEncoding = 4; lastKnownFileType = sourcecode.swift; path = ColorExt.swift; sourceTree = "<group>"; };
		86E05496294B92C600941996 /* InfiniteScroller.swift */ = {isa = PBXFileReference; fileEncoding = 4; lastKnownFileType = sourcecode.swift; path = InfiniteScroller.swift; sourceTree = "<group>"; };
		86E0549D295392D500941996 /* XMarkButton.swift */ = {isa = PBXFileReference; lastKnownFileType = sourcecode.swift; path = XMarkButton.swift; sourceTree = "<group>"; };
/* End PBXFileReference section */

/* Begin PBXFrameworksBuildPhase section */
		86E05470294B90BE00941996 /* Frameworks */ = {
			isa = PBXFrameworksBuildPhase;
			buildActionMask = 2147483647;
			files = (
			);
			runOnlyForDeploymentPostprocessing = 0;
		};
/* End PBXFrameworksBuildPhase section */

/* Begin PBXGroup section */
		86E0546A294B90BE00941996 = {
			isa = PBXGroup;
			children = (
				86E05475294B90BE00941996 /* PaywallDemo */,
				86E05474294B90BE00941996 /* Products */,
			);
			sourceTree = "<group>";
		};
		86E05474294B90BE00941996 /* Products */ = {
			isa = PBXGroup;
			children = (
				86E05473294B90BE00941996 /* PaywallDemo.app */,
			);
			name = Products;
			sourceTree = "<group>";
		};
		86E05475294B90BE00941996 /* PaywallDemo */ = {
			isa = PBXGroup;
			children = (
				86E0549A294B92DD00941996 /* Extensions */,
				86E05485294B90F100941996 /* Paywall */,
				86E05484294B90E000941996 /* Utilities */,
				86E05476294B90BE00941996 /* PaywallDemoApp.swift */,
				86E05478294B90BE00941996 /* ContentView.swift */,
				86E0547A294B90BF00941996 /* Assets.xcassets */,
				86E0547C294B90BF00941996 /* Preview Content */,
			);
			path = PaywallDemo;
			sourceTree = "<group>";
		};
		86E0547C294B90BF00941996 /* Preview Content */ = {
			isa = PBXGroup;
			children = (
				86E0547D294B90BF00941996 /* Preview Assets.xcassets */,
			);
			path = "Preview Content";
			sourceTree = "<group>";
		};
		86E05484294B90E000941996 /* Utilities */ = {
			isa = PBXGroup;
			children = (
				86E05496294B92C600941996 /* InfiniteScroller.swift */,
				86E0549D295392D500941996 /* XMarkButton.swift */,
			);
			path = Utilities;
			sourceTree = "<group>";
		};
		86E05485294B90F100941996 /* Paywall */ = {
			isa = PBXGroup;
			children = (
				86E0548A294B922500941996 /* FeatureCard.swift */,
				86E05488294B922500941996 /* FeatureCardView.swift */,
				86E05489294B922500941996 /* MonthlyPlanView.swift */,
				86E05487294B922400941996 /* PaywallView.swift */,
				86E0548B294B922500941996 /* PremiumPlan.swift */,
				86E05486294B922400941996 /* YearlyPlanView.swift */,
			);
			path = Paywall;
			sourceTree = "<group>";
		};
		86E0549A294B92DD00941996 /* Extensions */ = {
			isa = PBXGroup;
			children = (
				86E05492294B923300941996 /* ImageExt.swift */,
				86E05494294B926100941996 /* ColorExt.swift */,
			);
			path = Extensions;
			sourceTree = "<group>";
		};
/* End PBXGroup section */

/* Begin PBXNativeTarget section */
		86E05472294B90BE00941996 /* PaywallDemo */ = {
			isa = PBXNativeTarget;
			buildConfigurationList = 86E05481294B90BF00941996 /* Build configuration list for PBXNativeTarget "PaywallDemo" */;
			buildPhases = (
				86E0546F294B90BE00941996 /* Sources */,
				86E05470294B90BE00941996 /* Frameworks */,
				86E05471294B90BE00941996 /* Resources */,
			);
			buildRules = (
			);
			dependencies = (
			);
			name = PaywallDemo;
			productName = PaywallDemo;
			productReference = 86E05473294B90BE00941996 /* PaywallDemo.app */;
			productType = "com.apple.product-type.application";
		};
/* End PBXNativeTarget section */

/* Begin PBXProject section */
		86E0546B294B90BE00941996 /* Project object */ = {
			isa = PBXProject;
			attributes = {
				BuildIndependentTargetsInParallel = 1;
				LastSwiftUpdateCheck = 1420;
				LastUpgradeCheck = 1420;
				TargetAttributes = {
					86E05472294B90BE00941996 = {
						CreatedOnToolsVersion = 14.2;
					};
				};
			};
			buildConfigurationList = 86E0546E294B90BE00941996 /* Build configuration list for PBXProject "PaywallDemo" */;
			compatibilityVersion = "Xcode 14.0";
			developmentRegion = en;
			hasScannedForEncodings = 0;
			knownRegions = (
				en,
				Base,
			);
			mainGroup = 86E0546A294B90BE00941996;
			productRefGroup = 86E05474294B90BE00941996 /* Products */;
			projectDirPath = "";
			projectRoot = "";
			targets = (
				86E05472294B90BE00941996 /* PaywallDemo */,
			);
		};
/* End PBXProject section */

/* Begin PBXResourcesBuildPhase section */
		86E05471294B90BE00941996 /* Resources */ = {
			isa = PBXResourcesBuildPhase;
			buildActionMask = 2147483647;
			files = (
				86E0547E294B90BF00941996 /* Preview Assets.xcassets in Resources */,
				86E0547B294B90BF00941996 /* Assets.xcassets in Resources */,
			);
			runOnlyForDeploymentPostprocessing = 0;
		};
/* End PBXResourcesBuildPhase section */

/* Begin PBXSourcesBuildPhase section */
		86E0546F294B90BE00941996 /* Sources */ = {
			isa = PBXSourcesBuildPhase;
			buildActionMask = 2147483647;
			files = (
				86E05493294B923300941996 /* ImageExt.swift in Sources */,
				86E05495294B926100941996 /* ColorExt.swift in Sources */,
				86E05479294B90BE00941996 /* ContentView.swift in Sources */,
				86E0548D294B922500941996 /* PaywallView.swift in Sources */,
				86E05490294B922500941996 /* FeatureCard.swift in Sources */,
				86E0548E294B922500941996 /* FeatureCardView.swift in Sources */,
				86E05497294B92C600941996 /* InfiniteScroller.swift in Sources */,
				86E0548F294B922500941996 /* MonthlyPlanView.swift in Sources */,
				86E0548C294B922500941996 /* YearlyPlanView.swift in Sources */,
				86E05491294B922500941996 /* PremiumPlan.swift in Sources */,
				86E05477294B90BE00941996 /* PaywallDemoApp.swift in Sources */,
				86E0549E295392D500941996 /* XMarkButton.swift in Sources */,
			);
			runOnlyForDeploymentPostprocessing = 0;
		};
/* End PBXSourcesBuildPhase section */

/* Begin XCBuildConfiguration section */
		86E0547F294B90BF00941996 /* Debug */ = {
			isa = XCBuildConfiguration;
			buildSettings = {
				ALWAYS_SEARCH_USER_PATHS = NO;
				CLANG_ANALYZER_NONNULL = YES;
				CLANG_ANALYZER_NUMBER_OBJECT_CONVERSION = YES_AGGRESSIVE;
				CLANG_CXX_LANGUAGE_STANDARD = "gnu++20";
				CLANG_ENABLE_MODULES = YES;
				CLANG_ENABLE_OBJC_ARC = YES;
				CLANG_ENABLE_OBJC_WEAK = YES;
				CLANG_WARN_BLOCK_CAPTURE_AUTORELEASING = YES;
				CLANG_WARN_BOOL_CONVERSION = YES;
				CLANG_WARN_COMMA = YES;
				CLANG_WARN_CONSTANT_CONVERSION = YES;
				CLANG_WARN_DEPRECATED_OBJC_IMPLEMENTATIONS = YES;
				CLANG_WARN_DIRECT_OBJC_ISA_USAGE = YES_ERROR;
				CLANG_WARN_DOCUMENTATION_COMMENTS = YES;
				CLANG_WARN_EMPTY_BODY = YES;
				CLANG_WARN_ENUM_CONVERSION = YES;
				CLANG_WARN_INFINITE_RECURSION = YES;
				CLANG_WARN_INT_CONVERSION = YES;
				CLANG_WARN_NON_LITERAL_NULL_CONVERSION = YES;
				CLANG_WARN_OBJC_IMPLICIT_RETAIN_SELF = YES;
				CLANG_WARN_OBJC_LITERAL_CONVERSION = YES;
				CLANG_WARN_OBJC_ROOT_CLASS = YES_ERROR;
				CLANG_WARN_QUOTED_INCLUDE_IN_FRAMEWORK_HEADER = YES;
				CLANG_WARN_RANGE_LOOP_ANALYSIS = YES;
				CLANG_WARN_STRICT_PROTOTYPES = YES;
				CLANG_WARN_SUSPICIOUS_MOVE = YES;
				CLANG_WARN_UNGUARDED_AVAILABILITY = YES_AGGRESSIVE;
				CLANG_WARN_UNREACHABLE_CODE = YES;
				CLANG_WARN__DUPLICATE_METHOD_MATCH = YES;
				COPY_PHASE_STRIP = NO;
				DEBUG_INFORMATION_FORMAT = dwarf;
				ENABLE_STRICT_OBJC_MSGSEND = YES;
				ENABLE_TESTABILITY = YES;
				GCC_C_LANGUAGE_STANDARD = gnu11;
				GCC_DYNAMIC_NO_PIC = NO;
				GCC_NO_COMMON_BLOCKS = YES;
				GCC_OPTIMIZATION_LEVEL = 0;
				GCC_PREPROCESSOR_DEFINITIONS = (
					"DEBUG=1",
					"$(inherited)",
				);
				GCC_WARN_64_TO_32_BIT_CONVERSION = YES;
				GCC_WARN_ABOUT_RETURN_TYPE = YES_ERROR;
				GCC_WARN_UNDECLARED_SELECTOR = YES;
				GCC_WARN_UNINITIALIZED_AUTOS = YES_AGGRESSIVE;
				GCC_WARN_UNUSED_FUNCTION = YES;
				GCC_WARN_UNUSED_VARIABLE = YES;
				IPHONEOS_DEPLOYMENT_TARGET = 16.2;
				MTL_ENABLE_DEBUG_INFO = INCLUDE_SOURCE;
				MTL_FAST_MATH = YES;
				ONLY_ACTIVE_ARCH = YES;
				SDKROOT = iphoneos;
				SWIFT_ACTIVE_COMPILATION_CONDITIONS = DEBUG;
				SWIFT_OPTIMIZATION_LEVEL = "-Onone";
			};
			name = Debug;
		};
		86E05480294B90BF00941996 /* Release */ = {
			isa = XCBuildConfiguration;
			buildSettings = {
				ALWAYS_SEARCH_USER_PATHS = NO;
				CLANG_ANALYZER_NONNULL = YES;
				CLANG_ANALYZER_NUMBER_OBJECT_CONVERSION = YES_AGGRESSIVE;
				CLANG_CXX_LANGUAGE_STANDARD = "gnu++20";
				CLANG_ENABLE_MODULES = YES;
				CLANG_ENABLE_OBJC_ARC = YES;
				CLANG_ENABLE_OBJC_WEAK = YES;
				CLANG_WARN_BLOCK_CAPTURE_AUTORELEASING = YES;
				CLANG_WARN_BOOL_CONVERSION = YES;
				CLANG_WARN_COMMA = YES;
				CLANG_WARN_CONSTANT_CONVERSION = YES;
				CLANG_WARN_DEPRECATED_OBJC_IMPLEMENTATIONS = YES;
				CLANG_WARN_DIRECT_OBJC_ISA_USAGE = YES_ERROR;
				CLANG_WARN_DOCUMENTATION_COMMENTS = YES;
				CLANG_WARN_EMPTY_BODY = YES;
				CLANG_WARN_ENUM_CONVERSION = YES;
				CLANG_WARN_INFINITE_RECURSION = YES;
				CLANG_WARN_INT_CONVERSION = YES;
				CLANG_WARN_NON_LITERAL_NULL_CONVERSION = YES;
				CLANG_WARN_OBJC_IMPLICIT_RETAIN_SELF = YES;
				CLANG_WARN_OBJC_LITERAL_CONVERSION = YES;
				CLANG_WARN_OBJC_ROOT_CLASS = YES_ERROR;
				CLANG_WARN_QUOTED_INCLUDE_IN_FRAMEWORK_HEADER = YES;
				CLANG_WARN_RANGE_LOOP_ANALYSIS = YES;
				CLANG_WARN_STRICT_PROTOTYPES = YES;
				CLANG_WARN_SUSPICIOUS_MOVE = YES;
				CLANG_WARN_UNGUARDED_AVAILABILITY = YES_AGGRESSIVE;
				CLANG_WARN_UNREACHABLE_CODE = YES;
				CLANG_WARN__DUPLICATE_METHOD_MATCH = YES;
				COPY_PHASE_STRIP = NO;
				DEBUG_INFORMATION_FORMAT = "dwarf-with-dsym";
				ENABLE_NS_ASSERTIONS = NO;
				ENABLE_STRICT_OBJC_MSGSEND = YES;
				GCC_C_LANGUAGE_STANDARD = gnu11;
				GCC_NO_COMMON_BLOCKS = YES;
				GCC_WARN_64_TO_32_BIT_CONVERSION = YES;
				GCC_WARN_ABOUT_RETURN_TYPE = YES_ERROR;
				GCC_WARN_UNDECLARED_SELECTOR = YES;
				GCC_WARN_UNINITIALIZED_AUTOS = YES_AGGRESSIVE;
				GCC_WARN_UNUSED_FUNCTION = YES;
				GCC_WARN_UNUSED_VARIABLE = YES;
				IPHONEOS_DEPLOYMENT_TARGET = 16.2;
				MTL_ENABLE_DEBUG_INFO = NO;
				MTL_FAST_MATH = YES;
				SDKROOT = iphoneos;
				SWIFT_COMPILATION_MODE = wholemodule;
				SWIFT_OPTIMIZATION_LEVEL = "-O";
				VALIDATE_PRODUCT = YES;
			};
			name = Release;
		};
		86E05482294B90BF00941996 /* Debug */ = {
			isa = XCBuildConfiguration;
			buildSettings = {
				ASSETCATALOG_COMPILER_APPICON_NAME = AppIcon;
				ASSETCATALOG_COMPILER_GLOBAL_ACCENT_COLOR_NAME = AccentColor;
				CODE_SIGN_STYLE = Automatic;
				CURRENT_PROJECT_VERSION = 1;
				DEVELOPMENT_ASSET_PATHS = "\"PaywallDemo/Preview Content\"";
				DEVELOPMENT_TEAM = TUYS5TF5HK;
				ENABLE_PREVIEWS = YES;
				GENERATE_INFOPLIST_FILE = YES;
				INFOPLIST_KEY_UIApplicationSceneManifest_Generation = YES;
				INFOPLIST_KEY_UIApplicationSupportsIndirectInputEvents = YES;
				INFOPLIST_KEY_UILaunchScreen_Generation = YES;
				INFOPLIST_KEY_UISupportedInterfaceOrientations = UIInterfaceOrientationPortrait;
				INFOPLIST_KEY_UISupportedInterfaceOrientations_iPad = "UIInterfaceOrientationLandscapeLeft UIInterfaceOrientationLandscapeRight UIInterfaceOrientationPortrait UIInterfaceOrientationPortraitUpsideDown";
				LD_RUNPATH_SEARCH_PATHS = (
					"$(inherited)",
					"@executable_path/Frameworks",
				);
				MARKETING_VERSION = 1.0;
				PRODUCT_BUNDLE_IDENTIFIER = JamesSedlacek.PaywallDemo;
				PRODUCT_NAME = "$(TARGET_NAME)";
				SUPPORTED_PLATFORMS = "iphoneos iphonesimulator";
				SUPPORTS_MACCATALYST = NO;
				SUPPORTS_MAC_DESIGNED_FOR_IPHONE_IPAD = NO;
				SWIFT_EMIT_LOC_STRINGS = YES;
				SWIFT_VERSION = 5.0;
				TARGETED_DEVICE_FAMILY = 1;
			};
			name = Debug;
		};
		86E05483294B90BF00941996 /* Release */ = {
			isa = XCBuildConfiguration;
			buildSettings = {
				ASSETCATALOG_COMPILER_APPICON_NAME = AppIcon;
				ASSETCATALOG_COMPILER_GLOBAL_ACCENT_COLOR_NAME = AccentColor;
				CODE_SIGN_STYLE = Automatic;
				CURRENT_PROJECT_VERSION = 1;
				DEVELOPMENT_ASSET_PATHS = "\"PaywallDemo/Preview Content\"";
				DEVELOPMENT_TEAM = TUYS5TF5HK;
				ENABLE_PREVIEWS = YES;
				GENERATE_INFOPLIST_FILE = YES;
				INFOPLIST_KEY_UIApplicationSceneManifest_Generation = YES;
				INFOPLIST_KEY_UIApplicationSupportsIndirectInputEvents = YES;
				INFOPLIST_KEY_UILaunchScreen_Generation = YES;
				INFOPLIST_KEY_UISupportedInterfaceOrientations = UIInterfaceOrientationPortrait;
				INFOPLIST_KEY_UISupportedInterfaceOrientations_iPad = "UIInterfaceOrientationLandscapeLeft UIInterfaceOrientationLandscapeRight UIInterfaceOrientationPortrait UIInterfaceOrientationPortraitUpsideDown";
				LD_RUNPATH_SEARCH_PATHS = (
					"$(inherited)",
					"@executable_path/Frameworks",
				);
				MARKETING_VERSION = 1.0;
				PRODUCT_BUNDLE_IDENTIFIER = JamesSedlacek.PaywallDemo;
				PRODUCT_NAME = "$(TARGET_NAME)";
				SUPPORTED_PLATFORMS = "iphoneos iphonesimulator";
				SUPPORTS_MACCATALYST = NO;
				SUPPORTS_MAC_DESIGNED_FOR_IPHONE_IPAD = NO;
				SWIFT_EMIT_LOC_STRINGS = YES;
				SWIFT_VERSION = 5.0;
				TARGETED_DEVICE_FAMILY = 1;
			};
			name = Release;
		};
/* End XCBuildConfiguration section */

/* Begin XCConfigurationList section */
		86E0546E294B90BE00941996 /* Build configuration list for PBXProject "PaywallDemo" */ = {
			isa = XCConfigurationList;
			buildConfigurations = (
				86E0547F294B90BF00941996 /* Debug */,
				86E05480294B90BF00941996 /* Release */,
			);
			defaultConfigurationIsVisible = 0;
			defaultConfigurationName = Release;
		};
		86E05481294B90BF00941996 /* Build configuration list for PBXNativeTarget "PaywallDemo" */ = {
			isa = XCConfigurationList;
			buildConfigurations = (
				86E05482294B90BF00941996 /* Debug */,
				86E05483294B90BF00941996 /* Release */,
			);
			defaultConfigurationIsVisible = 0;
			defaultConfigurationName = Release;
		};
/* End XCConfigurationList section */
	};
	rootObject = 86E0546B294B90BE00941996 /* Project object */;
}
